title: AppX Package Blocked by AppLocker
id: 6ae53108-c3a0-4bee-8f45-c7591a2c337f
status: experimental
description: Detects an appx package was blocked by AppLocker
references:
    - https://learn.microsoft.com/en-us/windows/win32/appxpkg/troubleshooting
author: frack113
date: 2023/01/11
tags:
    - attack.defense_evasion
logsource:
    product: windows
    service: appxdeployment-server
detection:
    selection:
        EventID: 412
    condition: selection
falsepositives:
    - Unknown
level: medium
