alert:
- debug
description: In Kaspersky's 2020 Incident Response Analyst Report they listed legitimate tool "Mouse Lock" as being used for both credential access and collection in security incidents.
filter:
- query:
    query_string:
      query: (file_product.keyword:*Mouse\ Lock* OR data.win.eventdata.company.keyword:*Misc314* OR data.win.eventdata.commandLine.keyword:*Mouse\ Lock_*)
index: wazuh-alerts-3.x-*
name: c9192ad9-75e5-43eb-8647-82a0a5b493e3_0
priority: 3
realert:
  minutes: 0
type: any


